
Microsoft Visual Studio Solution File, Format Version 12.00
# Visual Studio Version 17
VisualStudioVersion = 17.2.32519.379
MinimumVisualStudioVersion = 10.0.40219.1
Project("{FAE04EC0-301F-11D3-BF4B-00C04F79EFBC}") = "pryIEFI", "pryIEFI.csproj", "{BC02FDE0-43E2-422B-8D4A-2C618F7708C8}"
EndProject
Global
	GlobalSection(SolutionConfigurationPlatforms) = preSolution
		Debug|Any CPU = Debug|Any CPU
		Release|Any CPU = Release|Any CPU
	EndGlobalSection
	GlobalSection(ProjectConfigurationPlatforms) = postSolution
		{BC02FDE0-43E2-422B-8D4A-2C618F7708C8}.Debug|Any CPU.ActiveCfg = Debug|Any CPU
		{BC02FDE0-43E2-422B-8D4A-2C618F7708C8}.Debug|Any CPU.Build.0 = Debug|Any CPU
		{BC02FDE0-43E2-422B-8D4A-2C618F7708C8}.Release|Any CPU.ActiveCfg = Release|Any CPU
		{BC02FDE0-43E2-422B-8D4A-2C618F7708C8}.Release|Any CPU.Build.0 = Release|Any CPU
	EndGlobalSection
	GlobalSection(SolutionProperties) = preSolution
		HideSolutionNode = FALSE
	EndGlobalSection
	GlobalSection(ExtensibilityGlobals) = postSolution
		SolutionGuid = {694D8F86-EFC7-467B-9609-856D38D76A9F}
	EndGlobalSection
EndGlobal
